
Microsoft Visual Studio Solution File, Format Version 12.00
# Visual Studio Version 17
VisualStudioVersion = 17.0.31903.59
MinimumVisualStudioVersion = 10.0.40219.1
Project("{2150E333-8FDC-42A3-9474-1A3956D46DE8}") = "src", "src", "{827E0CD3-B72D-47B6-A68D-7590B98EB39B}"
EndProject
Project("{FAE04EC0-301F-11D3-BF4B-00C04F79EFBC}") = "Potato.Downloader", "src\Potato.Downloader\Potato.Downloader.csproj", "{CB818AE1-E912-4FCD-A97D-50D7B39827B2}"
EndProject
Project("{FAE04EC0-301F-11D3-BF4B-00C04F79EFBC}") = "Potato.Domain", "src\Potato.Domain\Potato.Domain.csproj", "{722FC1CF-9778-4D46-BF76-73E7321CE66A}"
EndProject
Project("{FAE04EC0-301F-11D3-BF4B-00C04F79EFBC}") = "Potato.Domain.Tests", "tests\Potato.Domain.Tests\Potato.Domain.Tests.csproj", "{A5E1F68D-FC5D-4B5D-8D7A-43EFBEAD8190}"
EndProject
Project("{FAE04EC0-301F-11D3-BF4B-00C04F79EFBC}") = "Potato.Downloader.ConsoleHarness", "src\Potato.Downloader.ConsoleHarness\Potato.Downloader.ConsoleHarness.csproj", "{A313FFC8-E692-43AD-9307-4C4F07E080F2}"
EndProject
Project("{FAE04EC0-301F-11D3-BF4B-00C04F79EFBC}") = "Potato.Downloader.Tests", "tests\Potato.Downloader.Tests\Potato.Downloader.Tests.csproj", "{99A63F70-A750-4585-97A1-4416433242E0}"
EndProject
Project("{FAE04EC0-301F-11D3-BF4B-00C04F79EFBC}") = "Potato.ManifestApi", "src\Potato.ManifestApi\Potato.ManifestApi.csproj", "{BD8E961C-9BD8-4FA5-918E-07536A706211}"
EndProject
Project("{FAE04EC0-301F-11D3-BF4B-00C04F79EFBC}") = "Potato.ManifestApi.Tests", "tests\Potato.ManifestApi.Tests\Potato.ManifestApi.Tests.csproj", "{9928D0EB-B59D-4BD2-824D-46779C1DF2D6}"
EndProject
Project("{FAE04EC0-301F-11D3-BF4B-00C04F79EFBC}") = "Potato.SteamMetadata", "src\Potato.SteamMetadata\Potato.SteamMetadata.csproj", "{6D3FB4F6-6B29-41A4-AA74-E4705B7014DE}"
EndProject
Project("{FAE04EC0-301F-11D3-BF4B-00C04F79EFBC}") = "Potato.SteamMetadata.Tests", "tests\Potato.SteamMetadata.Tests\Potato.SteamMetadata.Tests.csproj", "{DCB9CFDB-1E71-46BC-B667-45CBB94B8DE1}"
EndProject
Project("{FAE04EC0-301F-11D3-BF4B-00C04F79EFBC}") = "Potato.Pipeline", "src\Potato.Pipeline\Potato.Pipeline.csproj", "{D399A574-922B-483F-A785-E6E6588EDB8A}"
EndProject
Project("{FAE04EC0-301F-11D3-BF4B-00C04F79EFBC}") = "Potato.Pipeline.Tests", "tests\Potato.Pipeline.Tests\Potato.Pipeline.Tests.csproj", "{25FEF472-E949-4941-93CD-507DAF57271B}"
EndProject
Project("{FAE04EC0-301F-11D3-BF4B-00C04F79EFBC}") = "Potato.SlsSteam", "src\Potato.SlsSteam\Potato.SlsSteam.csproj", "{C54734FC-3A1D-49DF-AFB8-9E75174347E9}"
EndProject
Project("{FAE04EC0-301F-11D3-BF4B-00C04F79EFBC}") = "Potato.SlsSteam.Tests", "tests\Potato.SlsSteam.Tests\Potato.SlsSteam.Tests.csproj", "{DB6F2284-AE93-4FA8-81ED-42E3E50C88F2}"
EndProject
Project("{FAE04EC0-301F-11D3-BF4B-00C04F79EFBC}") = "Potato.Library", "src\Potato.Library\Potato.Library.csproj", "{5CB0BADB-FD7D-4F98-B9D6-764936615014}"
EndProject
Project("{FAE04EC0-301F-11D3-BF4B-00C04F79EFBC}") = "Potato.Library.Tests", "tests\Potato.Library.Tests\Potato.Library.Tests.csproj", "{76D69F05-60BB-4C57-87D4-34E0DF926E35}"
EndProject
Project("{FAE04EC0-301F-11D3-BF4B-00C04F79EFBC}") = "Potato.Queue", "src\Potato.Queue\Potato.Queue.csproj", "{08838A72-E83F-4A43-BD79-74A102008B06}"
EndProject
Project("{FAE04EC0-301F-11D3-BF4B-00C04F79EFBC}") = "Potato.Queue.Tests", "tests\Potato.Queue.Tests\Potato.Queue.Tests.csproj", "{88F0B6AE-6EA7-4DBD-BD66-65A7228C06C2}"
EndProject
Project("{FAE04EC0-301F-11D3-BF4B-00C04F79EFBC}") = "DepotDownloaderMod", "src\DepotDownloaderMod\DepotDownloaderMod.csproj", "{E8C9C8B5-0459-4CEF-AA6E-8320605D34B3}"
EndProject
Global
	GlobalSection(SolutionConfigurationPlatforms) = preSolution
		Debug|Any CPU = Debug|Any CPU
		Debug|x64 = Debug|x64
		Debug|x86 = Debug|x86
		Release|Any CPU = Release|Any CPU
		Release|x64 = Release|x64
		Release|x86 = Release|x86
	EndGlobalSection
	GlobalSection(ProjectConfigurationPlatforms) = postSolution
		{CB818AE1-E912-4FCD-A97D-50D7B39827B2}.Debug|Any CPU.ActiveCfg = Debug|Any CPU
		{CB818AE1-E912-4FCD-A97D-50D7B39827B2}.Debug|Any CPU.Build.0 = Debug|Any CPU
		{CB818AE1-E912-4FCD-A97D-50D7B39827B2}.Debug|x64.ActiveCfg = Debug|Any CPU
		{CB818AE1-E912-4FCD-A97D-50D7B39827B2}.Debug|x64.Build.0 = Debug|Any CPU
		{CB818AE1-E912-4FCD-A97D-50D7B39827B2}.Debug|x86.ActiveCfg = Debug|Any CPU
		{CB818AE1-E912-4FCD-A97D-50D7B39827B2}.Debug|x86.Build.0 = Debug|Any CPU
		{CB818AE1-E912-4FCD-A97D-50D7B39827B2}.Release|Any CPU.ActiveCfg = Release|Any CPU
		{CB818AE1-E912-4FCD-A97D-50D7B39827B2}.Release|Any CPU.Build.0 = Release|Any CPU
		{CB818AE1-E912-4FCD-A97D-50D7B39827B2}.Release|x64.ActiveCfg = Release|Any CPU
		{CB818AE1-E912-4FCD-A97D-50D7B39827B2}.Release|x64.Build.0 = Release|Any CPU
		{CB818AE1-E912-4FCD-A97D-50D7B39827B2}.Release|x86.ActiveCfg = Release|Any CPU
		{CB818AE1-E912-4FCD-A97D-50D7B39827B2}.Release|x86.Build.0 = Release|Any CPU
		{722FC1CF-9778-4D46-BF76-73E7321CE66A}.Debug|Any CPU.ActiveCfg = Debug|Any CPU
		{722FC1CF-9778-4D46-BF76-73E7321CE66A}.Debug|Any CPU.Build.0 = Debug|Any CPU
		{722FC1CF-9778-4D46-BF76-73E7321CE66A}.Debug|x64.ActiveCfg = Debug|Any CPU
		{722FC1CF-9778-4D46-BF76-73E7321CE66A}.Debug|x64.Build.0 = Debug|Any CPU
		{722FC1CF-9778-4D46-BF76-73E7321CE66A}.Debug|x86.ActiveCfg = Debug|Any CPU
		{722FC1CF-9778-4D46-BF76-73E7321CE66A}.Debug|x86.Build.0 = Debug|Any CPU
		{722FC1CF-9778-4D46-BF76-73E7321CE66A}.Release|Any CPU.ActiveCfg = Release|Any CPU
		{722FC1CF-9778-4D46-BF76-73E7321CE66A}.Release|Any CPU.Build.0 = Release|Any CPU
		{722FC1CF-9778-4D46-BF76-73E7321CE66A}.Release|x64.ActiveCfg = Release|Any CPU
		{722FC1CF-9778-4D46-BF76-73E7321CE66A}.Release|x64.Build.0 = Release|Any CPU
		{722FC1CF-9778-4D46-BF76-73E7321CE66A}.Release|x86.ActiveCfg = Release|Any CPU
		{722FC1CF-9778-4D46-BF76-73E7321CE66A}.Release|x86.Build.0 = Release|Any CPU
		{A5E1F68D-FC5D-4B5D-8D7A-43EFBEAD8190}.Debug|Any CPU.ActiveCfg = Debug|Any CPU
		{A5E1F68D-FC5D-4B5D-8D7A-43EFBEAD8190}.Debug|Any CPU.Build.0 = Debug|Any CPU
		{A5E1F68D-FC5D-4B5D-8D7A-43EFBEAD8190}.Debug|x64.ActiveCfg = Debug|Any CPU
		{A5E1F68D-FC5D-4B5D-8D7A-43EFBEAD8190}.Debug|x64.Build.0 = Debug|Any CPU
		{A5E1F68D-FC5D-4B5D-8D7A-43EFBEAD8190}.Debug|x86.ActiveCfg = Debug|Any CPU
		{A5E1F68D-FC5D-4B5D-8D7A-43EFBEAD8190}.Debug|x86.Build.0 = Debug|Any CPU
		{A5E1F68D-FC5D-4B5D-8D7A-43EFBEAD8190}.Release|Any CPU.ActiveCfg = Release|Any CPU
		{A5E1F68D-FC5D-4B5D-8D7A-43EFBEAD8190}.Release|Any CPU.Build.0 = Release|Any CPU
		{A5E1F68D-FC5D-4B5D-8D7A-43EFBEAD8190}.Release|x64.ActiveCfg = Release|Any CPU
		{A5E1F68D-FC5D-4B5D-8D7A-43EFBEAD8190}.Release|x64.Build.0 = Release|Any CPU
		{A5E1F68D-FC5D-4B5D-8D7A-43EFBEAD8190}.Release|x86.ActiveCfg = Release|Any CPU
		{A5E1F68D-FC5D-4B5D-8D7A-43EFBEAD8190}.Release|x86.Build.0 = Release|Any CPU
		{A313FFC8-E692-43AD-9307-4C4F07E080F2}.Debug|Any CPU.ActiveCfg = Debug|Any CPU
		{A313FFC8-E692-43AD-9307-4C4F07E080F2}.Debug|Any CPU.Build.0 = Debug|Any CPU
		{A313FFC8-E692-43AD-9307-4C4F07E080F2}.Debug|x64.ActiveCfg = Debug|Any CPU
		{A313FFC8-E692-43AD-9307-4C4F07E080F2}.Debug|x64.Build.0 = Debug|Any CPU
		{A313FFC8-E692-43AD-9307-4C4F07E080F2}.Debug|x86.ActiveCfg = Debug|Any CPU
		{A313FFC8-E692-43AD-9307-4C4F07E080F2}.Debug|x86.Build.0 = Debug|Any CPU
		{A313FFC8-E692-43AD-9307-4C4F07E080F2}.Release|Any CPU.ActiveCfg = Release|Any CPU
		{A313FFC8-E692-43AD-9307-4C4F07E080F2}.Release|Any CPU.Build.0 = Release|Any CPU
		{A313FFC8-E692-43AD-9307-4C4F07E080F2}.Release|x64.ActiveCfg = Release|Any CPU
		{A313FFC8-E692-43AD-9307-4C4F07E080F2}.Release|x64.Build.0 = Release|Any CPU
		{A313FFC8-E692-43AD-9307-4C4F07E080F2}.Release|x86.ActiveCfg = Release|Any CPU
		{A313FFC8-E692-43AD-9307-4C4F07E080F2}.Release|x86.Build.0 = Release|Any CPU
		{99A63F70-A750-4585-97A1-4416433242E0}.Debug|Any CPU.ActiveCfg = Debug|Any CPU
		{99A63F70-A750-4585-97A1-4416433242E0}.Debug|Any CPU.Build.0 = Debug|Any CPU
		{99A63F70-A750-4585-97A1-4416433242E0}.Debug|x64.ActiveCfg = Debug|Any CPU
		{99A63F70-A750-4585-97A1-4416433242E0}.Debug|x64.Build.0 = Debug|Any CPU
		{99A63F70-A750-4585-97A1-4416433242E0}.Debug|x86.ActiveCfg = Debug|Any CPU
		{99A63F70-A750-4585-97A1-4416433242E0}.Debug|x86.Build.0 = Debug|Any CPU
		{99A63F70-A750-4585-97A1-4416433242E0}.Release|Any CPU.ActiveCfg = Release|Any CPU
		{99A63F70-A750-4585-97A1-4416433242E0}.Release|Any CPU.Build.0 = Release|Any CPU
		{99A63F70-A750-4585-97A1-4416433242E0}.Release|x64.ActiveCfg = Release|Any CPU
		{99A63F70-A750-4585-97A1-4416433242E0}.Release|x64.Build.0 = Release|Any CPU
		{99A63F70-A750-4585-97A1-4416433242E0}.Release|x86.ActiveCfg = Release|Any CPU
		{99A63F70-A750-4585-97A1-4416433242E0}.Release|x86.Build.0 = Release|Any CPU
		{BD8E961C-9BD8-4FA5-918E-07536A706211}.Debug|Any CPU.ActiveCfg = Debug|Any CPU
		{BD8E961C-9BD8-4FA5-918E-07536A706211}.Debug|Any CPU.Build.0 = Debug|Any CPU
		{BD8E961C-9BD8-4FA5-918E-07536A706211}.Debug|x64.ActiveCfg = Debug|Any CPU
		{BD8E961C-9BD8-4FA5-918E-07536A706211}.Debug|x64.Build.0 = Debug|Any CPU
		{BD8E961C-9BD8-4FA5-918E-07536A706211}.Debug|x86.ActiveCfg = Debug|Any CPU
		{BD8E961C-9BD8-4FA5-918E-07536A706211}.Debug|x86.Build.0 = Debug|Any CPU
		{BD8E961C-9BD8-4FA5-918E-07536A706211}.Release|Any CPU.ActiveCfg = Release|Any CPU
		{BD8E961C-9BD8-4FA5-918E-07536A706211}.Release|Any CPU.Build.0 = Release|Any CPU
		{BD8E961C-9BD8-4FA5-918E-07536A706211}.Release|x64.ActiveCfg = Release|Any CPU
		{BD8E961C-9BD8-4FA5-918E-07536A706211}.Release|x64.Build.0 = Release|Any CPU
		{BD8E961C-9BD8-4FA5-918E-07536A706211}.Release|x86.ActiveCfg = Release|Any CPU
		{BD8E961C-9BD8-4FA5-918E-07536A706211}.Release|x86.Build.0 = Release|Any CPU
		{9928D0EB-B59D-4BD2-824D-46779C1DF2D6}.Debug|Any CPU.ActiveCfg = Debug|Any CPU
		{9928D0EB-B59D-4BD2-824D-46779C1DF2D6}.Debug|Any CPU.Build.0 = Debug|Any CPU
		{9928D0EB-B59D-4BD2-824D-46779C1DF2D6}.Debug|x64.ActiveCfg = Debug|Any CPU
		{9928D0EB-B59D-4BD2-824D-46779C1DF2D6}.Debug|x64.Build.0 = Debug|Any CPU
		{9928D0EB-B59D-4BD2-824D-46779C1DF2D6}.Debug|x86.ActiveCfg = Debug|Any CPU
		{9928D0EB-B59D-4BD2-824D-46779C1DF2D6}.Debug|x86.Build.0 = Debug|Any CPU
		{9928D0EB-B59D-4BD2-824D-46779C1DF2D6}.Release|Any CPU.ActiveCfg = Release|Any CPU
		{9928D0EB-B59D-4BD2-824D-46779C1DF2D6}.Release|Any CPU.Build.0 = Release|Any CPU
		{9928D0EB-B59D-4BD2-824D-46779C1DF2D6}.Release|x64.ActiveCfg = Release|Any CPU
		{9928D0EB-B59D-4BD2-824D-46779C1DF2D6}.Release|x64.Build.0 = Release|Any CPU
		{9928D0EB-B59D-4BD2-824D-46779C1DF2D6}.Release|x86.ActiveCfg = Release|Any CPU
		{9928D0EB-B59D-4BD2-824D-46779C1DF2D6}.Release|x86.Build.0 = Release|Any CPU
		{6D3FB4F6-6B29-41A4-AA74-E4705B7014DE}.Debug|Any CPU.ActiveCfg = Debug|Any CPU
		{6D3FB4F6-6B29-41A4-AA74-E4705B7014DE}.Debug|Any CPU.Build.0 = Debug|Any CPU
		{6D3FB4F6-6B29-41A4-AA74-E4705B7014DE}.Debug|x64.ActiveCfg = Debug|Any CPU
		{6D3FB4F6-6B29-41A4-AA74-E4705B7014DE}.Debug|x64.Build.0 = Debug|Any CPU
		{6D3FB4F6-6B29-41A4-AA74-E4705B7014DE}.Debug|x86.ActiveCfg = Debug|Any CPU
		{6D3FB4F6-6B29-41A4-AA74-E4705B7014DE}.Debug|x86.Build.0 = Debug|Any CPU
		{6D3FB4F6-6B29-41A4-AA74-E4705B7014DE}.Release|Any CPU.ActiveCfg = Release|Any CPU
		{6D3FB4F6-6B29-41A4-AA74-E4705B7014DE}.Release|Any CPU.Build.0 = Release|Any CPU
		{6D3FB4F6-6B29-41A4-AA74-E4705B7014DE}.Release|x64.ActiveCfg = Release|Any CPU
		{6D3FB4F6-6B29-41A4-AA74-E4705B7014DE}.Release|x64.Build.0 = Release|Any CPU
		{6D3FB4F6-6B29-41A4-AA74-E4705B7014DE}.Release|x86.ActiveCfg = Release|Any CPU
		{6D3FB4F6-6B29-41A4-AA74-E4705B7014DE}.Release|x86.Build.0 = Release|Any CPU
		{DCB9CFDB-1E71-46BC-B667-45CBB94B8DE1}.Debug|Any CPU.ActiveCfg = Debug|Any CPU
		{DCB9CFDB-1E71-46BC-B667-45CBB94B8DE1}.Debug|Any CPU.Build.0 = Debug|Any CPU
		{DCB9CFDB-1E71-46BC-B667-45CBB94B8DE1}.Debug|x64.ActiveCfg = Debug|Any CPU
		{DCB9CFDB-1E71-46BC-B667-45CBB94B8DE1}.Debug|x64.Build.0 = Debug|Any CPU
		{DCB9CFDB-1E71-46BC-B667-45CBB94B8DE1}.Debug|x86.ActiveCfg = Debug|Any CPU
		{DCB9CFDB-1E71-46BC-B667-45CBB94B8DE1}.Debug|x86.Build.0 = Debug|Any CPU
		{DCB9CFDB-1E71-46BC-B667-45CBB94B8DE1}.Release|Any CPU.ActiveCfg = Release|Any CPU
		{DCB9CFDB-1E71-46BC-B667-45CBB94B8DE1}.Release|Any CPU.Build.0 = Release|Any CPU
		{DCB9CFDB-1E71-46BC-B667-45CBB94B8DE1}.Release|x64.ActiveCfg = Release|Any CPU
		{DCB9CFDB-1E71-46BC-B667-45CBB94B8DE1}.Release|x64.Build.0 = Release|Any CPU
		{DCB9CFDB-1E71-46BC-B667-45CBB94B8DE1}.Release|x86.ActiveCfg = Release|Any CPU
		{DCB9CFDB-1E71-46BC-B667-45CBB94B8DE1}.Release|x86.Build.0 = Release|Any CPU
		{D399A574-922B-483F-A785-E6E6588EDB8A}.Debug|Any CPU.ActiveCfg = Debug|Any CPU
		{D399A574-922B-483F-A785-E6E6588EDB8A}.Debug|Any CPU.Build.0 = Debug|Any CPU
		{D399A574-922B-483F-A785-E6E6588EDB8A}.Debug|x64.ActiveCfg = Debug|Any CPU
		{D399A574-922B-483F-A785-E6E6588EDB8A}.Debug|x64.Build.0 = Debug|Any CPU
		{D399A574-922B-483F-A785-E6E6588EDB8A}.Debug|x86.ActiveCfg = Debug|Any CPU
		{D399A574-922B-483F-A785-E6E6588EDB8A}.Debug|x86.Build.0 = Debug|Any CPU
		{D399A574-922B-483F-A785-E6E6588EDB8A}.Release|Any CPU.ActiveCfg = Release|Any CPU
		{D399A574-922B-483F-A785-E6E6588EDB8A}.Release|Any CPU.Build.0 = Release|Any CPU
		{D399A574-922B-483F-A785-E6E6588EDB8A}.Release|x64.ActiveCfg = Release|Any CPU
		{D399A574-922B-483F-A785-E6E6588EDB8A}.Release|x64.Build.0 = Release|Any CPU
		{D399A574-922B-483F-A785-E6E6588EDB8A}.Release|x86.ActiveCfg = Release|Any CPU
		{D399A574-922B-483F-A785-E6E6588EDB8A}.Release|x86.Build.0 = Release|Any CPU
		{25FEF472-E949-4941-93CD-507DAF57271B}.Debug|Any CPU.ActiveCfg = Debug|Any CPU
		{25FEF472-E949-4941-93CD-507DAF57271B}.Debug|Any CPU.Build.0 = Debug|Any CPU
		{25FEF472-E949-4941-93CD-507DAF57271B}.Debug|x64.ActiveCfg = Debug|Any CPU
		{25FEF472-E949-4941-93CD-507DAF57271B}.Debug|x64.Build.0 = Debug|Any CPU
		{25FEF472-E949-4941-93CD-507DAF57271B}.Debug|x86.ActiveCfg = Debug|Any CPU
		{25FEF472-E949-4941-93CD-507DAF57271B}.Debug|x86.Build.0 = Debug|Any CPU
		{25FEF472-E949-4941-93CD-507DAF57271B}.Release|Any CPU.ActiveCfg = Release|Any CPU
		{25FEF472-E949-4941-93CD-507DAF57271B}.Release|Any CPU.Build.0 = Release|Any CPU
		{25FEF472-E949-4941-93CD-507DAF57271B}.Release|x64.ActiveCfg = Release|Any CPU
		{25FEF472-E949-4941-93CD-507DAF57271B}.Release|x64.Build.0 = Release|Any CPU
		{25FEF472-E949-4941-93CD-507DAF57271B}.Release|x86.ActiveCfg = Release|Any CPU
		{25FEF472-E949-4941-93CD-507DAF57271B}.Release|x86.Build.0 = Release|Any CPU
		{C54734FC-3A1D-49DF-AFB8-9E75174347E9}.Debug|Any CPU.ActiveCfg = Debug|Any CPU
		{C54734FC-3A1D-49DF-AFB8-9E75174347E9}.Debug|Any CPU.Build.0 = Debug|Any CPU
		{C54734FC-3A1D-49DF-AFB8-9E75174347E9}.Debug|x64.ActiveCfg = Debug|Any CPU
		{C54734FC-3A1D-49DF-AFB8-9E75174347E9}.Debug|x64.Build.0 = Debug|Any CPU
		{C54734FC-3A1D-49DF-AFB8-9E75174347E9}.Debug|x86.ActiveCfg = Debug|Any CPU
		{C54734FC-3A1D-49DF-AFB8-9E75174347E9}.Debug|x86.Build.0 = Debug|Any CPU
		{C54734FC-3A1D-49DF-AFB8-9E75174347E9}.Release|Any CPU.ActiveCfg = Release|Any CPU
		{C54734FC-3A1D-49DF-AFB8-9E75174347E9}.Release|Any CPU.Build.0 = Release|Any CPU
		{C54734FC-3A1D-49DF-AFB8-9E75174347E9}.Release|x64.ActiveCfg = Release|Any CPU
		{C54734FC-3A1D-49DF-AFB8-9E75174347E9}.Release|x64.Build.0 = Release|Any CPU
		{C54734FC-3A1D-49DF-AFB8-9E75174347E9}.Release|x86.ActiveCfg = Release|Any CPU
		{C54734FC-3A1D-49DF-AFB8-9E75174347E9}.Release|x86.Build.0 = Release|Any CPU
		{DB6F2284-AE93-4FA8-81ED-42E3E50C88F2}.Debug|Any CPU.ActiveCfg = Debug|Any CPU
		{DB6F2284-AE93-4FA8-81ED-42E3E50C88F2}.Debug|Any CPU.Build.0 = Debug|Any CPU
		{DB6F2284-AE93-4FA8-81ED-42E3E50C88F2}.Debug|x64.ActiveCfg = Debug|Any CPU
		{DB6F2284-AE93-4FA8-81ED-42E3E50C88F2}.Debug|x64.Build.0 = Debug|Any CPU
		{DB6F2284-AE93-4FA8-81ED-42E3E50C88F2}.Debug|x86.ActiveCfg = Debug|Any CPU
		{DB6F2284-AE93-4FA8-81ED-42E3E50C88F2}.Debug|x86.Build.0 = Debug|Any CPU
		{DB6F2284-AE93-4FA8-81ED-42E3E50C88F2}.Release|Any CPU.ActiveCfg = Release|Any CPU
		{DB6F2284-AE93-4FA8-81ED-42E3E50C88F2}.Release|Any CPU.Build.0 = Release|Any CPU
		{DB6F2284-AE93-4FA8-81ED-42E3E50C88F2}.Release|x64.ActiveCfg = Release|Any CPU
		{DB6F2284-AE93-4FA8-81ED-42E3E50C88F2}.Release|x64.Build.0 = Release|Any CPU
		{DB6F2284-AE93-4FA8-81ED-42E3E50C88F2}.Release|x86.ActiveCfg = Release|Any CPU
		{DB6F2284-AE93-4FA8-81ED-42E3E50C88F2}.Release|x86.Build.0 = Release|Any CPU
		{5CB0BADB-FD7D-4F98-B9D6-764936615014}.Debug|Any CPU.ActiveCfg = Debug|Any CPU
		{5CB0BADB-FD7D-4F98-B9D6-764936615014}.Debug|Any CPU.Build.0 = Debug|Any CPU
		{5CB0BADB-FD7D-4F98-B9D6-764936615014}.Debug|x64.ActiveCfg = Debug|Any CPU
		{5CB0BADB-FD7D-4F98-B9D6-764936615014}.Debug|x64.Build.0 = Debug|Any CPU
		{5CB0BADB-FD7D-4F98-B9D6-764936615014}.Debug|x86.ActiveCfg = Debug|Any CPU
		{5CB0BADB-FD7D-4F98-B9D6-764936615014}.Debug|x86.Build.0 = Debug|Any CPU
		{5CB0BADB-FD7D-4F98-B9D6-764936615014}.Release|Any CPU.ActiveCfg = Release|Any CPU
		{5CB0BADB-FD7D-4F98-B9D6-764936615014}.Release|Any CPU.Build.0 = Release|Any CPU
		{5CB0BADB-FD7D-4F98-B9D6-764936615014}.Release|x64.ActiveCfg = Release|Any CPU
		{5CB0BADB-FD7D-4F98-B9D6-764936615014}.Release|x64.Build.0 = Release|Any CPU
		{5CB0BADB-FD7D-4F98-B9D6-764936615014}.Release|x86.ActiveCfg = Release|Any CPU
		{5CB0BADB-FD7D-4F98-B9D6-764936615014}.Release|x86.Build.0 = Release|Any CPU
		{76D69F05-60BB-4C57-87D4-34E0DF926E35}.Debug|Any CPU.ActiveCfg = Debug|Any CPU
		{76D69F05-60BB-4C57-87D4-34E0DF926E35}.Debug|Any CPU.Build.0 = Debug|Any CPU
		{76D69F05-60BB-4C57-87D4-34E0DF926E35}.Debug|x64.ActiveCfg = Debug|Any CPU
		{76D69F05-60BB-4C57-87D4-34E0DF926E35}.Debug|x64.Build.0 = Debug|Any CPU
		{76D69F05-60BB-4C57-87D4-34E0DF926E35}.Debug|x86.ActiveCfg = Debug|Any CPU
		{76D69F05-60BB-4C57-87D4-34E0DF926E35}.Debug|x86.Build.0 = Debug|Any CPU
		{76D69F05-60BB-4C57-87D4-34E0DF926E35}.Release|Any CPU.ActiveCfg = Release|Any CPU
		{76D69F05-60BB-4C57-87D4-34E0DF926E35}.Release|Any CPU.Build.0 = Release|Any CPU
		{76D69F05-60BB-4C57-87D4-34E0DF926E35}.Release|x64.ActiveCfg = Release|Any CPU
		{76D69F05-60BB-4C57-87D4-34E0DF926E35}.Release|x64.Build.0 = Release|Any CPU
		{76D69F05-60BB-4C57-87D4-34E0DF926E35}.Release|x86.ActiveCfg = Release|Any CPU
		{76D69F05-60BB-4C57-87D4-34E0DF926E35}.Release|x86.Build.0 = Release|Any CPU
		{08838A72-E83F-4A43-BD79-74A102008B06}.Debug|Any CPU.ActiveCfg = Debug|Any CPU
		{08838A72-E83F-4A43-BD79-74A102008B06}.Debug|Any CPU.Build.0 = Debug|Any CPU
		{08838A72-E83F-4A43-BD79-74A102008B06}.Debug|x64.ActiveCfg = Debug|Any CPU
		{08838A72-E83F-4A43-BD79-74A102008B06}.Debug|x64.Build.0 = Debug|Any CPU
		{08838A72-E83F-4A43-BD79-74A102008B06}.Debug|x86.ActiveCfg = Debug|Any CPU
		{08838A72-E83F-4A43-BD79-74A102008B06}.Debug|x86.Build.0 = Debug|Any CPU
		{08838A72-E83F-4A43-BD79-74A102008B06}.Release|Any CPU.ActiveCfg = Release|Any CPU
		{08838A72-E83F-4A43-BD79-74A102008B06}.Release|Any CPU.Build.0 = Release|Any CPU
		{08838A72-E83F-4A43-BD79-74A102008B06}.Release|x64.ActiveCfg = Release|Any CPU
		{08838A72-E83F-4A43-BD79-74A102008B06}.Release|x64.Build.0 = Release|Any CPU
		{08838A72-E83F-4A43-BD79-74A102008B06}.Release|x86.ActiveCfg = Release|Any CPU
		{08838A72-E83F-4A43-BD79-74A102008B06}.Release|x86.Build.0 = Release|Any CPU
		{88F0B6AE-6EA7-4DBD-BD66-65A7228C06C2}.Debug|Any CPU.ActiveCfg = Debug|Any CPU
		{88F0B6AE-6EA7-4DBD-BD66-65A7228C06C2}.Debug|Any CPU.Build.0 = Debug|Any CPU
		{88F0B6AE-6EA7-4DBD-BD66-65A7228C06C2}.Debug|x64.ActiveCfg = Debug|Any CPU
		{88F0B6AE-6EA7-4DBD-BD66-65A7228C06C2}.Debug|x64.Build.0 = Debug|Any CPU
		{88F0B6AE-6EA7-4DBD-BD66-65A7228C06C2}.Debug|x86.ActiveCfg = Debug|Any CPU
		{88F0B6AE-6EA7-4DBD-BD66-65A7228C06C2}.Debug|x86.Build.0 = Debug|Any CPU
		{88F0B6AE-6EA7-4DBD-BD66-65A7228C06C2}.Release|Any CPU.ActiveCfg = Release|Any CPU
		{88F0B6AE-6EA7-4DBD-BD66-65A7228C06C2}.Release|Any CPU.Build.0 = Release|Any CPU
		{88F0B6AE-6EA7-4DBD-BD66-65A7228C06C2}.Release|x64.ActiveCfg = Release|Any CPU
		{88F0B6AE-6EA7-4DBD-BD66-65A7228C06C2}.Release|x64.Build.0 = Release|Any CPU
		{88F0B6AE-6EA7-4DBD-BD66-65A7228C06C2}.Release|x86.ActiveCfg = Release|Any CPU
		{88F0B6AE-6EA7-4DBD-BD66-65A7228C06C2}.Release|x86.Build.0 = Release|Any CPU
		{E8C9C8B5-0459-4CEF-AA6E-8320605D34B3}.Debug|Any CPU.ActiveCfg = Debug|Any CPU
		{E8C9C8B5-0459-4CEF-AA6E-8320605D34B3}.Debug|Any CPU.Build.0 = Debug|Any CPU
		{E8C9C8B5-0459-4CEF-AA6E-8320605D34B3}.Debug|x64.ActiveCfg = Debug|Any CPU
		{E8C9C8B5-0459-4CEF-AA6E-8320605D34B3}.Debug|x64.Build.0 = Debug|Any CPU
		{E8C9C8B5-0459-4CEF-AA6E-8320605D34B3}.Debug|x86.ActiveCfg = Debug|Any CPU
		{E8C9C8B5-0459-4CEF-AA6E-8320605D34B3}.Debug|x86.Build.0 = Debug|Any CPU
		{E8C9C8B5-0459-4CEF-AA6E-8320605D34B3}.Release|Any CPU.ActiveCfg = Release|Any CPU
		{E8C9C8B5-0459-4CEF-AA6E-8320605D34B3}.Release|Any CPU.Build.0 = Release|Any CPU
		{E8C9C8B5-0459-4CEF-AA6E-8320605D34B3}.Release|x64.ActiveCfg = Release|Any CPU
		{E8C9C8B5-0459-4CEF-AA6E-8320605D34B3}.Release|x64.Build.0 = Release|Any CPU
		{E8C9C8B5-0459-4CEF-AA6E-8320605D34B3}.Release|x86.ActiveCfg = Release|Any CPU
		{E8C9C8B5-0459-4CEF-AA6E-8320605D34B3}.Release|x86.Build.0 = Release|Any CPU
	EndGlobalSection
	GlobalSection(SolutionProperties) = preSolution
		HideSolutionNode = FALSE
	EndGlobalSection
	GlobalSection(NestedProjects) = preSolution
		{CB818AE1-E912-4FCD-A97D-50D7B39827B2} = {827E0CD3-B72D-47B6-A68D-7590B98EB39B}
		{722FC1CF-9778-4D46-BF76-73E7321CE66A} = {827E0CD3-B72D-47B6-A68D-7590B98EB39B}
		{A5E1F68D-FC5D-4B5D-8D7A-43EFBEAD8190} = {827E0CD3-B72D-47B6-A68D-7590B98EB39B}
		{A313FFC8-E692-43AD-9307-4C4F07E080F2} = {827E0CD3-B72D-47B6-A68D-7590B98EB39B}
		{99A63F70-A750-4585-97A1-4416433242E0} = {827E0CD3-B72D-47B6-A68D-7590B98EB39B}
		{BD8E961C-9BD8-4FA5-918E-07536A706211} = {827E0CD3-B72D-47B6-A68D-7590B98EB39B}
		{9928D0EB-B59D-4BD2-824D-46779C1DF2D6} = {827E0CD3-B72D-47B6-A68D-7590B98EB39B}
		{6D3FB4F6-6B29-41A4-AA74-E4705B7014DE} = {827E0CD3-B72D-47B6-A68D-7590B98EB39B}
		{DCB9CFDB-1E71-46BC-B667-45CBB94B8DE1} = {827E0CD3-B72D-47B6-A68D-7590B98EB39B}
		{D399A574-922B-483F-A785-E6E6588EDB8A} = {827E0CD3-B72D-47B6-A68D-7590B98EB39B}
		{25FEF472-E949-4941-93CD-507DAF57271B} = {827E0CD3-B72D-47B6-A68D-7590B98EB39B}
		{C54734FC-3A1D-49DF-AFB8-9E75174347E9} = {827E0CD3-B72D-47B6-A68D-7590B98EB39B}
		{DB6F2284-AE93-4FA8-81ED-42E3E50C88F2} = {827E0CD3-B72D-47B6-A68D-7590B98EB39B}
		{5CB0BADB-FD7D-4F98-B9D6-764936615014} = {827E0CD3-B72D-47B6-A68D-7590B98EB39B}
		{76D69F05-60BB-4C57-87D4-34E0DF926E35} = {827E0CD3-B72D-47B6-A68D-7590B98EB39B}
		{08838A72-E83F-4A43-BD79-74A102008B06} = {827E0CD3-B72D-47B6-A68D-7590B98EB39B}
		{88F0B6AE-6EA7-4DBD-BD66-65A7228C06C2} = {827E0CD3-B72D-47B6-A68D-7590B98EB39B}
		{E8C9C8B5-0459-4CEF-AA6E-8320605D34B3} = {827E0CD3-B72D-47B6-A68D-7590B98EB39B}
	EndGlobalSection
EndGlobal
